
Microsoft Visual Studio Solution File, Format Version 12.00
# Visual Studio Version 16
VisualStudioVersion = 16.0.31313.79
MinimumVisualStudioVersion = 10.0.40219.1
Project("{FAE04EC0-301F-11D3-BF4B-00C04F79EFBC}") = "HighLowNumbers", "HighLowNumbers\HighLowNumbers.csproj", "{FB525B2D-8A13-4D9E-A67D-A7B463C00E76}"
EndProject
Global
	GlobalSection(SolutionConfigurationPlatforms) = preSolution
		Debug|Any CPU = Debug|Any CPU
		Release|Any CPU = Release|Any CPU
	EndGlobalSection
	GlobalSection(ProjectConfigurationPlatforms) = postSolution
		{FB525B2D-8A13-4D9E-A67D-A7B463C00E76}.Debug|Any CPU.ActiveCfg = Debug|Any CPU
		{FB525B2D-8A13-4D9E-A67D-A7B463C00E76}.Debug|Any CPU.Build.0 = Debug|Any CPU
		{FB525B2D-8A13-4D9E-A67D-A7B463C00E76}.Release|Any CPU.ActiveCfg = Release|Any CPU
		{FB525B2D-8A13-4D9E-A67D-A7B463C00E76}.Release|Any CPU.Build.0 = Release|Any CPU
	EndGlobalSection
	GlobalSection(SolutionProperties) = preSolution
		HideSolutionNode = FALSE
	EndGlobalSection
	GlobalSection(ExtensibilityGlobals) = postSolution
		SolutionGuid = {7BA49823-FDF1-475C-B0D7-4315DD665290}
	EndGlobalSection
EndGlobal
